
Microsoft Visual Studio Solution File, Format Version 12.00
# Visual Studio Version 16
VisualStudioVersion = 16.0.29806.167
MinimumVisualStudioVersion = 10.0.40219.1
Project("{9A19103F-16F7-4668-BE54-9A1E7A4F7556}") = "MyCBTS.IDP.Login", "src\MyCBTS.IDP.Login.csproj", "{BAF4E683-56F4-4428-BA56-E4F007FDC610}"
EndProject
Global
	GlobalSection(SolutionConfigurationPlatforms) = preSolution
		Debug|Any CPU = Debug|Any CPU
		Release|Any CPU = Release|Any CPU
	EndGlobalSection
	GlobalSection(ProjectConfigurationPlatforms) = postSolution
		{BAF4E683-56F4-4428-BA56-E4F007FDC610}.Debug|Any CPU.ActiveCfg = Debug|Any CPU
		{BAF4E683-56F4-4428-BA56-E4F007FDC610}.Debug|Any CPU.Build.0 = Debug|Any CPU
		{BAF4E683-56F4-4428-BA56-E4F007FDC610}.Release|Any CPU.ActiveCfg = Release|Any CPU
		{BAF4E683-56F4-4428-BA56-E4F007FDC610}.Release|Any CPU.Build.0 = Release|Any CPU
		{13951877-D161-4DCF-83DE-8B9DDC58CE61}.Debug|Any CPU.ActiveCfg = Debug|Any CPU
		{13951877-D161-4DCF-83DE-8B9DDC58CE61}.Debug|Any CPU.Build.0 = Debug|Any CPU
		{13951877-D161-4DCF-83DE-8B9DDC58CE61}.Release|Any CPU.ActiveCfg = Release|Any CPU
		{13951877-D161-4DCF-83DE-8B9DDC58CE61}.Release|Any CPU.Build.0 = Release|Any CPU
		{E514BCF6-924B-4BB0-8CB0-C37409DE8049}.Debug|Any CPU.ActiveCfg = Debug|Any CPU
		{E514BCF6-924B-4BB0-8CB0-C37409DE8049}.Debug|Any CPU.Build.0 = Debug|Any CPU
		{E514BCF6-924B-4BB0-8CB0-C37409DE8049}.Release|Any CPU.ActiveCfg = Release|Any CPU
		{E514BCF6-924B-4BB0-8CB0-C37409DE8049}.Release|Any CPU.Build.0 = Release|Any CPU
		{75BBA342-C7EA-4545-B250-28A3423E6CD1}.Debug|Any CPU.ActiveCfg = Debug|Any CPU
		{75BBA342-C7EA-4545-B250-28A3423E6CD1}.Debug|Any CPU.Build.0 = Debug|Any CPU
		{75BBA342-C7EA-4545-B250-28A3423E6CD1}.Release|Any CPU.ActiveCfg = Release|Any CPU
		{75BBA342-C7EA-4545-B250-28A3423E6CD1}.Release|Any CPU.Build.0 = Release|Any CPU
	EndGlobalSection
	GlobalSection(SolutionProperties) = preSolution
		HideSolutionNode = FALSE
	EndGlobalSection
	GlobalSection(ExtensibilityGlobals) = postSolution
		SolutionGuid = {1E91011A-C6FB-44C8-AEBF-27A7F35C8E64}
	EndGlobalSection
EndGlobal
